
Microsoft Visual Studio Solution File, Format Version 12.00
# Visual Studio 15
VisualStudioVersion = 15.0.27004.2002
MinimumVisualStudioVersion = 10.0.40219.1
Project("{FAE04EC0-301F-11D3-BF4B-00C04F79EFBC}") = "QStock.Xamarin.Android", "QStock.Xamarin\QStock.Xamarin.Android\QStock.Xamarin.Android.csproj", "{3A5D0710-15A0-44C6-A009-AB3DD461C003}"
EndProject
Project("{FAE04EC0-301F-11D3-BF4B-00C04F79EFBC}") = "QStock.Xamarin", "QStock.Xamarin\QStock.Xamarin\QStock.Xamarin.csproj", "{187BF983-6DE6-49B8-9C7F-759FE7A274E4}"
EndProject
Project("{FAE04EC0-301F-11D3-BF4B-00C04F79EFBC}") = "QStock.Xamarin.iOS", "QStock.Xamarin\QStock.Xamarin.iOS\QStock.Xamarin.iOS.csproj", "{33C60AB8-DF08-4EE4-AC30-774F79E74DC7}"
EndProject
Global
	GlobalSection(SolutionConfigurationPlatforms) = preSolution
		Ad-Hoc|Any CPU = Ad-Hoc|Any CPU
		Ad-Hoc|iPhone = Ad-Hoc|iPhone
		Ad-Hoc|iPhoneSimulator = Ad-Hoc|iPhoneSimulator
		AppStore|Any CPU = AppStore|Any CPU
		AppStore|iPhone = AppStore|iPhone
		AppStore|iPhoneSimulator = AppStore|iPhoneSimulator
		Debug|Any CPU = Debug|Any CPU
		Debug|iPhone = Debug|iPhone
		Debug|iPhoneSimulator = Debug|iPhoneSimulator
		Release|Any CPU = Release|Any CPU
		Release|iPhone = Release|iPhone
		Release|iPhoneSimulator = Release|iPhoneSimulator
	EndGlobalSection
	GlobalSection(ProjectConfigurationPlatforms) = postSolution
		{3A5D0710-15A0-44C6-A009-AB3DD461C003}.Ad-Hoc|Any CPU.ActiveCfg = Release|Any CPU
		{3A5D0710-15A0-44C6-A009-AB3DD461C003}.Ad-Hoc|Any CPU.Build.0 = Release|Any CPU
		{3A5D0710-15A0-44C6-A009-AB3DD461C003}.Ad-Hoc|Any CPU.Deploy.0 = Release|Any CPU
		{3A5D0710-15A0-44C6-A009-AB3DD461C003}.Ad-Hoc|iPhone.ActiveCfg = Release|Any CPU
		{3A5D0710-15A0-44C6-A009-AB3DD461C003}.Ad-Hoc|iPhone.Build.0 = Release|Any CPU
		{3A5D0710-15A0-44C6-A009-AB3DD461C003}.Ad-Hoc|iPhone.Deploy.0 = Release|Any CPU
		{3A5D0710-15A0-44C6-A009-AB3DD461C003}.Ad-Hoc|iPhoneSimulator.ActiveCfg = Release|Any CPU
		{3A5D0710-15A0-44C6-A009-AB3DD461C003}.Ad-Hoc|iPhoneSimulator.Build.0 = Release|Any CPU
		{3A5D0710-15A0-44C6-A009-AB3DD461C003}.Ad-Hoc|iPhoneSimulator.Deploy.0 = Release|Any CPU
		{3A5D0710-15A0-44C6-A009-AB3DD461C003}.AppStore|Any CPU.ActiveCfg = Release|Any CPU
		{3A5D0710-15A0-44C6-A009-AB3DD461C003}.AppStore|Any CPU.Build.0 = Release|Any CPU
		{3A5D0710-15A0-44C6-A009-AB3DD461C003}.AppStore|Any CPU.Deploy.0 = Release|Any CPU
		{3A5D0710-15A0-44C6-A009-AB3DD461C003}.AppStore|iPhone.ActiveCfg = Release|Any CPU
		{3A5D0710-15A0-44C6-A009-AB3DD461C003}.AppStore|iPhone.Build.0 = Release|Any CPU
		{3A5D0710-15A0-44C6-A009-AB3DD461C003}.AppStore|iPhone.Deploy.0 = Release|Any CPU
		{3A5D0710-15A0-44C6-A009-AB3DD461C003}.AppStore|iPhoneSimulator.ActiveCfg = Release|Any CPU
		{3A5D0710-15A0-44C6-A009-AB3DD461C003}.AppStore|iPhoneSimulator.Build.0 = Release|Any CPU
		{3A5D0710-15A0-44C6-A009-AB3DD461C003}.AppStore|iPhoneSimulator.Deploy.0 = Release|Any CPU
		{3A5D0710-15A0-44C6-A009-AB3DD461C003}.Debug|Any CPU.ActiveCfg = Debug|Any CPU
		{3A5D0710-15A0-44C6-A009-AB3DD461C003}.Debug|Any CPU.Build.0 = Debug|Any CPU
		{3A5D0710-15A0-44C6-A009-AB3DD461C003}.Debug|Any CPU.Deploy.0 = Debug|Any CPU
		{3A5D0710-15A0-44C6-A009-AB3DD461C003}.Debug|iPhone.ActiveCfg = Debug|Any CPU
		{3A5D0710-15A0-44C6-A009-AB3DD461C003}.Debug|iPhone.Build.0 = Debug|Any CPU
		{3A5D0710-15A0-44C6-A009-AB3DD461C003}.Debug|iPhone.Deploy.0 = Debug|Any CPU
		{3A5D0710-15A0-44C6-A009-AB3DD461C003}.Debug|iPhoneSimulator.ActiveCfg = Debug|Any CPU
		{3A5D0710-15A0-44C6-A009-AB3DD461C003}.Debug|iPhoneSimulator.Build.0 = Debug|Any CPU
		{3A5D0710-15A0-44C6-A009-AB3DD461C003}.Debug|iPhoneSimulator.Deploy.0 = Debug|Any CPU
		{3A5D0710-15A0-44C6-A009-AB3DD461C003}.Release|Any CPU.ActiveCfg = Release|Any CPU
		{3A5D0710-15A0-44C6-A009-AB3DD461C003}.Release|Any CPU.Build.0 = Release|Any CPU
		{3A5D0710-15A0-44C6-A009-AB3DD461C003}.Release|Any CPU.Deploy.0 = Release|Any CPU
		{3A5D0710-15A0-44C6-A009-AB3DD461C003}.Release|iPhone.ActiveCfg = Release|Any CPU
		{3A5D0710-15A0-44C6-A009-AB3DD461C003}.Release|iPhone.Build.0 = Release|Any CPU
		{3A5D0710-15A0-44C6-A009-AB3DD461C003}.Release|iPhone.Deploy.0 = Release|Any CPU
		{3A5D0710-15A0-44C6-A009-AB3DD461C003}.Release|iPhoneSimulator.ActiveCfg = Release|Any CPU
		{3A5D0710-15A0-44C6-A009-AB3DD461C003}.Release|iPhoneSimulator.Build.0 = Release|Any CPU
		{3A5D0710-15A0-44C6-A009-AB3DD461C003}.Release|iPhoneSimulator.Deploy.0 = Release|Any CPU
		{187BF983-6DE6-49B8-9C7F-759FE7A274E4}.Ad-Hoc|Any CPU.ActiveCfg = Release|Any CPU
		{187BF983-6DE6-49B8-9C7F-759FE7A274E4}.Ad-Hoc|Any CPU.Build.0 = Release|Any CPU
		{187BF983-6DE6-49B8-9C7F-759FE7A274E4}.Ad-Hoc|iPhone.ActiveCfg = Release|Any CPU
		{187BF983-6DE6-49B8-9C7F-759FE7A274E4}.Ad-Hoc|iPhone.Build.0 = Release|Any CPU
		{187BF983-6DE6-49B8-9C7F-759FE7A274E4}.Ad-Hoc|iPhoneSimulator.ActiveCfg = Release|Any CPU
		{187BF983-6DE6-49B8-9C7F-759FE7A274E4}.Ad-Hoc|iPhoneSimulator.Build.0 = Release|Any CPU
		{187BF983-6DE6-49B8-9C7F-759FE7A274E4}.AppStore|Any CPU.ActiveCfg = Release|Any CPU
		{187BF983-6DE6-49B8-9C7F-759FE7A274E4}.AppStore|Any CPU.Build.0 = Release|Any CPU
		{187BF983-6DE6-49B8-9C7F-759FE7A274E4}.AppStore|iPhone.ActiveCfg = Release|Any CPU
		{187BF983-6DE6-49B8-9C7F-759FE7A274E4}.AppStore|iPhone.Build.0 = Release|Any CPU
		{187BF983-6DE6-49B8-9C7F-759FE7A274E4}.AppStore|iPhoneSimulator.ActiveCfg = Release|Any CPU
		{187BF983-6DE6-49B8-9C7F-759FE7A274E4}.AppStore|iPhoneSimulator.Build.0 = Release|Any CPU
		{187BF983-6DE6-49B8-9C7F-759FE7A274E4}.Debug|Any CPU.ActiveCfg = Debug|Any CPU
		{187BF983-6DE6-49B8-9C7F-759FE7A274E4}.Debug|Any CPU.Build.0 = Debug|Any CPU
		{187BF983-6DE6-49B8-9C7F-759FE7A274E4}.Debug|iPhone.ActiveCfg = Debug|Any CPU
		{187BF983-6DE6-49B8-9C7F-759FE7A274E4}.Debug|iPhone.Build.0 = Debug|Any CPU
		{187BF983-6DE6-49B8-9C7F-759FE7A274E4}.Debug|iPhoneSimulator.ActiveCfg = Debug|Any CPU
		{187BF983-6DE6-49B8-9C7F-759FE7A274E4}.Debug|iPhoneSimulator.Build.0 = Debug|Any CPU
		{187BF983-6DE6-49B8-9C7F-759FE7A274E4}.Release|Any CPU.ActiveCfg = Release|Any CPU
		{187BF983-6DE6-49B8-9C7F-759FE7A274E4}.Release|Any CPU.Build.0 = Release|Any CPU
		{187BF983-6DE6-49B8-9C7F-759FE7A274E4}.Release|iPhone.ActiveCfg = Release|Any CPU
		{187BF983-6DE6-49B8-9C7F-759FE7A274E4}.Release|iPhone.Build.0 = Release|Any CPU
		{187BF983-6DE6-49B8-9C7F-759FE7A274E4}.Release|iPhoneSimulator.ActiveCfg = Release|Any CPU
		{187BF983-6DE6-49B8-9C7F-759FE7A274E4}.Release|iPhoneSimulator.Build.0 = Release|Any CPU
		{33C60AB8-DF08-4EE4-AC30-774F79E74DC7}.Ad-Hoc|Any CPU.ActiveCfg = Ad-Hoc|iPhoneSimulator
		{33C60AB8-DF08-4EE4-AC30-774F79E74DC7}.Ad-Hoc|iPhone.ActiveCfg = Ad-Hoc|iPhone
		{33C60AB8-DF08-4EE4-AC30-774F79E74DC7}.Ad-Hoc|iPhone.Build.0 = Ad-Hoc|iPhone
		{33C60AB8-DF08-4EE4-AC30-774F79E74DC7}.Ad-Hoc|iPhoneSimulator.ActiveCfg = Ad-Hoc|iPhoneSimulator
		{33C60AB8-DF08-4EE4-AC30-774F79E74DC7}.Ad-Hoc|iPhoneSimulator.Build.0 = Ad-Hoc|iPhoneSimulator
		{33C60AB8-DF08-4EE4-AC30-774F79E74DC7}.AppStore|Any CPU.ActiveCfg = AppStore|iPhoneSimulator
		{33C60AB8-DF08-4EE4-AC30-774F79E74DC7}.AppStore|iPhone.ActiveCfg = AppStore|iPhone
		{33C60AB8-DF08-4EE4-AC30-774F79E74DC7}.AppStore|iPhone.Build.0 = AppStore|iPhone
		{33C60AB8-DF08-4EE4-AC30-774F79E74DC7}.AppStore|iPhoneSimulator.ActiveCfg = AppStore|iPhoneSimulator
		{33C60AB8-DF08-4EE4-AC30-774F79E74DC7}.AppStore|iPhoneSimulator.Build.0 = AppStore|iPhoneSimulator
		{33C60AB8-DF08-4EE4-AC30-774F79E74DC7}.Debug|Any CPU.ActiveCfg = Debug|iPhoneSimulator
		{33C60AB8-DF08-4EE4-AC30-774F79E74DC7}.Debug|iPhone.ActiveCfg = Debug|iPhone
		{33C60AB8-DF08-4EE4-AC30-774F79E74DC7}.Debug|iPhone.Build.0 = Debug|iPhone
		{33C60AB8-DF08-4EE4-AC30-774F79E74DC7}.Debug|iPhoneSimulator.ActiveCfg = Debug|iPhoneSimulator
		{33C60AB8-DF08-4EE4-AC30-774F79E74DC7}.Debug|iPhoneSimulator.Build.0 = Debug|iPhoneSimulator
		{33C60AB8-DF08-4EE4-AC30-774F79E74DC7}.Release|Any CPU.ActiveCfg = Release|iPhoneSimulator
		{33C60AB8-DF08-4EE4-AC30-774F79E74DC7}.Release|iPhone.ActiveCfg = Release|iPhone
		{33C60AB8-DF08-4EE4-AC30-774F79E74DC7}.Release|iPhone.Build.0 = Release|iPhone
		{33C60AB8-DF08-4EE4-AC30-774F79E74DC7}.Release|iPhoneSimulator.ActiveCfg = Release|iPhoneSimulator
		{33C60AB8-DF08-4EE4-AC30-774F79E74DC7}.Release|iPhoneSimulator.Build.0 = Release|iPhoneSimulator
	EndGlobalSection
	GlobalSection(SolutionProperties) = preSolution
		HideSolutionNode = FALSE
	EndGlobalSection
	GlobalSection(ExtensibilityGlobals) = postSolution
		SolutionGuid = {94CFD241-C7AB-412B-B896-F6E3111EFFFA}
	EndGlobalSection
EndGlobal
